
Microsoft Visual Studio Solution File, Format Version 12.00
# Visual Studio Version 16
VisualStudioVersion = 16.0.30204.135
MinimumVisualStudioVersion = 10.0.40219.1
Project("{9A19103F-16F7-4668-BE54-9A1E7A4F7556}") = "CustomIdentity", "CustomIdentity\CustomIdentity.csproj", "{630EC466-1BFC-414D-83B5-EA23E9157AAD}"
EndProject
Project("{FAE04EC0-301F-11D3-BF4B-00C04F79EFBC}") = "CustomORM", "CustomORM\CustomORM.csproj", "{EE9CEAA9-2459-4F5E-93E5-E5842FE926EB}"
EndProject
Global
	GlobalSection(SolutionConfigurationPlatforms) = preSolution
		Debug|Any CPU = Debug|Any CPU
		Release|Any CPU = Release|Any CPU
	EndGlobalSection
	GlobalSection(ProjectConfigurationPlatforms) = postSolution
		{630EC466-1BFC-414D-83B5-EA23E9157AAD}.Debug|Any CPU.ActiveCfg = Debug|Any CPU
		{630EC466-1BFC-414D-83B5-EA23E9157AAD}.Debug|Any CPU.Build.0 = Debug|Any CPU
		{630EC466-1BFC-414D-83B5-EA23E9157AAD}.Release|Any CPU.ActiveCfg = Release|Any CPU
		{630EC466-1BFC-414D-83B5-EA23E9157AAD}.Release|Any CPU.Build.0 = Release|Any CPU
		{EE9CEAA9-2459-4F5E-93E5-E5842FE926EB}.Debug|Any CPU.ActiveCfg = Debug|Any CPU
		{EE9CEAA9-2459-4F5E-93E5-E5842FE926EB}.Debug|Any CPU.Build.0 = Debug|Any CPU
		{EE9CEAA9-2459-4F5E-93E5-E5842FE926EB}.Release|Any CPU.ActiveCfg = Release|Any CPU
		{EE9CEAA9-2459-4F5E-93E5-E5842FE926EB}.Release|Any CPU.Build.0 = Release|Any CPU
	EndGlobalSection
	GlobalSection(SolutionProperties) = preSolution
		HideSolutionNode = FALSE
	EndGlobalSection
	GlobalSection(ExtensibilityGlobals) = postSolution
		SolutionGuid = {A2FF8742-68D8-4D26-AEFE-7B2B72B9E3A9}
	EndGlobalSection
EndGlobal
